
Microsoft Visual Studio Solution File, Format Version 12.00
# Visual Studio 15
VisualStudioVersion = 15.0.28307.572
MinimumVisualStudioVersion = 10.0.40219.1
Project("{FAE04EC0-301F-11D3-BF4B-00C04F79EFBC}") = "OnlineSinav", "OnlineSinav\OnlineSinav.csproj", "{18D0F628-0C35-4C1C-875C-AED4F77B4633}"
EndProject
Global
	GlobalSection(SolutionConfigurationPlatforms) = preSolution
		Debug|Any CPU = Debug|Any CPU
		Release|Any CPU = Release|Any CPU
	EndGlobalSection
	GlobalSection(ProjectConfigurationPlatforms) = postSolution
		{18D0F628-0C35-4C1C-875C-AED4F77B4633}.Debug|Any CPU.ActiveCfg = Debug|Any CPU
		{18D0F628-0C35-4C1C-875C-AED4F77B4633}.Debug|Any CPU.Build.0 = Debug|Any CPU
		{18D0F628-0C35-4C1C-875C-AED4F77B4633}.Release|Any CPU.ActiveCfg = Release|Any CPU
		{18D0F628-0C35-4C1C-875C-AED4F77B4633}.Release|Any CPU.Build.0 = Release|Any CPU
	EndGlobalSection
	GlobalSection(SolutionProperties) = preSolution
		HideSolutionNode = FALSE
	EndGlobalSection
	GlobalSection(ExtensibilityGlobals) = postSolution
		SolutionGuid = {BE9DC90A-1B17-48A2-BEF0-50784E55DF6F}
	EndGlobalSection
EndGlobal
